
Microsoft Visual Studio Solution File, Format Version 12.00
# Visual Studio 15
VisualStudioVersion = 15.0.28307.168
MinimumVisualStudioVersion = 10.0.40219.1
Project("{FAE04EC0-301F-11D3-BF4B-00C04F79EFBC}") = "MinedOutClasses", "MinedOutClasses\MinedOutClasses.csproj", "{C6FD03CE-42FC-42C8-9E47-C368056BA0D4}"
EndProject
Global
	GlobalSection(SolutionConfigurationPlatforms) = preSolution
		Debug|Any CPU = Debug|Any CPU
		Release|Any CPU = Release|Any CPU
	EndGlobalSection
	GlobalSection(ProjectConfigurationPlatforms) = postSolution
		{C6FD03CE-42FC-42C8-9E47-C368056BA0D4}.Debug|Any CPU.ActiveCfg = Debug|Any CPU
		{C6FD03CE-42FC-42C8-9E47-C368056BA0D4}.Debug|Any CPU.Build.0 = Debug|Any CPU
		{C6FD03CE-42FC-42C8-9E47-C368056BA0D4}.Release|Any CPU.ActiveCfg = Release|Any CPU
		{C6FD03CE-42FC-42C8-9E47-C368056BA0D4}.Release|Any CPU.Build.0 = Release|Any CPU
	EndGlobalSection
	GlobalSection(SolutionProperties) = preSolution
		HideSolutionNode = FALSE
	EndGlobalSection
	GlobalSection(ExtensibilityGlobals) = postSolution
		SolutionGuid = {60A40C1C-C64A-42CD-930A-F8933364244A}
	EndGlobalSection
EndGlobal
